
Microsoft Visual Studio Solution File, Format Version 12.00
# Visual Studio 2013
VisualStudioVersion = 12.0.31101.0
MinimumVisualStudioVersion = 10.0.40219.1
Project("{FAE04EC0-301F-11D3-BF4B-00C04F79EFBC}") = "Account.DataModel", "DataModel\Account.DataModel.csproj", "{A21A1AE4-F7C3-4064-96A0-B9A56E4BD4D1}"
EndProject
Project("{FAE04EC0-301F-11D3-BF4B-00C04F79EFBC}") = "Account.TableModel", "TableModel\Account.TableModel.csproj", "{E9F21F01-33E0-4C09-A37F-420CF290B547}"
EndProject
Project("{FAE04EC0-301F-11D3-BF4B-00C04F79EFBC}") = "Account.BusinessLogic", "BusinessLogic\Account.BusinessLogic.csproj", "{50FF78B6-0B51-4D1B-8519-8D4BCC3543CB}"
EndProject
Project("{2150E333-8FDC-42A3-9474-1A3956D46DE8}") = ".nuget", ".nuget", "{6D191440-C15C-430E-8A35-C6415A62D9FB}"
	ProjectSection(SolutionItems) = preProject
		.nuget\NuGet.Config = .nuget\NuGet.Config
		.nuget\NuGet.exe = .nuget\NuGet.exe
		.nuget\NuGet.targets = .nuget\NuGet.targets
	EndProjectSection
EndProject
Project("{FAE04EC0-301F-11D3-BF4B-00C04F79EFBC}") = "Account.DataRepository", "DataRepository\Account.DataRepository.csproj", "{1AB549C4-BDF4-4CEB-9F0E-B0046D7101E0}"
EndProject
Project("{FAE04EC0-301F-11D3-BF4B-00C04F79EFBC}") = "Account.BusinessLogic.Tests", "..\test\Account.BusinessLogic.Tests\Account.BusinessLogic.Tests.csproj", "{814E144E-CBF0-483C-8E24-404F40490EB8}"
EndProject
Global
	GlobalSection(SolutionConfigurationPlatforms) = preSolution
		Debug|Any CPU = Debug|Any CPU
		Release|Any CPU = Release|Any CPU
	EndGlobalSection
	GlobalSection(ProjectConfigurationPlatforms) = postSolution
		{A21A1AE4-F7C3-4064-96A0-B9A56E4BD4D1}.Debug|Any CPU.ActiveCfg = Debug|Any CPU
		{A21A1AE4-F7C3-4064-96A0-B9A56E4BD4D1}.Debug|Any CPU.Build.0 = Debug|Any CPU
		{A21A1AE4-F7C3-4064-96A0-B9A56E4BD4D1}.Release|Any CPU.ActiveCfg = Release|Any CPU
		{A21A1AE4-F7C3-4064-96A0-B9A56E4BD4D1}.Release|Any CPU.Build.0 = Release|Any CPU
		{E9F21F01-33E0-4C09-A37F-420CF290B547}.Debug|Any CPU.ActiveCfg = Debug|Any CPU
		{E9F21F01-33E0-4C09-A37F-420CF290B547}.Debug|Any CPU.Build.0 = Debug|Any CPU
		{E9F21F01-33E0-4C09-A37F-420CF290B547}.Release|Any CPU.ActiveCfg = Release|Any CPU
		{E9F21F01-33E0-4C09-A37F-420CF290B547}.Release|Any CPU.Build.0 = Release|Any CPU
		{50FF78B6-0B51-4D1B-8519-8D4BCC3543CB}.Debug|Any CPU.ActiveCfg = Debug|Any CPU
		{50FF78B6-0B51-4D1B-8519-8D4BCC3543CB}.Debug|Any CPU.Build.0 = Debug|Any CPU
		{50FF78B6-0B51-4D1B-8519-8D4BCC3543CB}.Release|Any CPU.ActiveCfg = Release|Any CPU
		{50FF78B6-0B51-4D1B-8519-8D4BCC3543CB}.Release|Any CPU.Build.0 = Release|Any CPU
		{1AB549C4-BDF4-4CEB-9F0E-B0046D7101E0}.Debug|Any CPU.ActiveCfg = Debug|Any CPU
		{1AB549C4-BDF4-4CEB-9F0E-B0046D7101E0}.Debug|Any CPU.Build.0 = Debug|Any CPU
		{1AB549C4-BDF4-4CEB-9F0E-B0046D7101E0}.Release|Any CPU.ActiveCfg = Release|Any CPU
		{1AB549C4-BDF4-4CEB-9F0E-B0046D7101E0}.Release|Any CPU.Build.0 = Release|Any CPU
		{814E144E-CBF0-483C-8E24-404F40490EB8}.Debug|Any CPU.ActiveCfg = Debug|Any CPU
		{814E144E-CBF0-483C-8E24-404F40490EB8}.Debug|Any CPU.Build.0 = Debug|Any CPU
		{814E144E-CBF0-483C-8E24-404F40490EB8}.Release|Any CPU.ActiveCfg = Release|Any CPU
		{814E144E-CBF0-483C-8E24-404F40490EB8}.Release|Any CPU.Build.0 = Release|Any CPU
	EndGlobalSection
	GlobalSection(SolutionProperties) = preSolution
		HideSolutionNode = FALSE
	EndGlobalSection
EndGlobal
